
Microsoft Visual Studio Solution File, Format Version 12.00
# Visual Studio 15
VisualStudioVersion = 15.0.28010.2016
MinimumVisualStudioVersion = 10.0.40219.1
Project("{FAE04EC0-301F-11D3-BF4B-00C04F79EFBC}") = "Ex09-Temperature", "Ex09-Temperature\Ex09-Temperature.csproj", "{CF2CD863-3A1B-4161-9AA8-5C7080A955C1}"
EndProject
Project("{FAE04EC0-301F-11D3-BF4B-00C04F79EFBC}") = "UnitTestProject1", "UnitTestProject1\UnitTestProject1.csproj", "{F528386A-4683-4088-974E-6077A425127A}"
EndProject
Global
	GlobalSection(SolutionConfigurationPlatforms) = preSolution
		Debug|Any CPU = Debug|Any CPU
		Release|Any CPU = Release|Any CPU
	EndGlobalSection
	GlobalSection(ProjectConfigurationPlatforms) = postSolution
		{CF2CD863-3A1B-4161-9AA8-5C7080A955C1}.Debug|Any CPU.ActiveCfg = Debug|Any CPU
		{CF2CD863-3A1B-4161-9AA8-5C7080A955C1}.Debug|Any CPU.Build.0 = Debug|Any CPU
		{CF2CD863-3A1B-4161-9AA8-5C7080A955C1}.Release|Any CPU.ActiveCfg = Release|Any CPU
		{CF2CD863-3A1B-4161-9AA8-5C7080A955C1}.Release|Any CPU.Build.0 = Release|Any CPU
		{F528386A-4683-4088-974E-6077A425127A}.Debug|Any CPU.ActiveCfg = Debug|Any CPU
		{F528386A-4683-4088-974E-6077A425127A}.Debug|Any CPU.Build.0 = Debug|Any CPU
		{F528386A-4683-4088-974E-6077A425127A}.Release|Any CPU.ActiveCfg = Release|Any CPU
		{F528386A-4683-4088-974E-6077A425127A}.Release|Any CPU.Build.0 = Release|Any CPU
	EndGlobalSection
	GlobalSection(SolutionProperties) = preSolution
		HideSolutionNode = FALSE
	EndGlobalSection
	GlobalSection(ExtensibilityGlobals) = postSolution
		SolutionGuid = {E00CB5B1-0186-42BE-B968-2D760F7C845D}
	EndGlobalSection
EndGlobal
